// !$*UTF8*$!
{
	archiveVersion = 1;
	classes = {
	};
	objectVersion = 50;
	objects = {

/* Begin PBXBuildFile section */
		613BFD002181D18300DE6C02 /* AppDelegate.swift in Sources */ = {isa = PBXBuildFile; fileRef = 613BFCFF2181D18300DE6C02 /* AppDelegate.swift */; };
		613BFD052181D18300DE6C02 /* Main.storyboard in Resources */ = {isa = PBXBuildFile; fileRef = 613BFD032181D18300DE6C02 /* Main.storyboard */; };
		613BFD072181D18700DE6C02 /* Assets.xcassets in Resources */ = {isa = PBXBuildFile; fileRef = 613BFD062181D18700DE6C02 /* Assets.xcassets */; };
		613BFD0A2181D18700DE6C02 /* LaunchScreen.storyboard in Resources */ = {isa = PBXBuildFile; fileRef = 613BFD082181D18700DE6C02 /* LaunchScreen.storyboard */; };
		613BFD152181EF3700DE6C02 /* TableViewCell.swift in Sources */ = {isa = PBXBuildFile; fileRef = 613BFD132181EF3700DE6C02 /* TableViewCell.swift */; };
		613BFD162181EF3700DE6C02 /* TableViewCell.xib in Resources */ = {isa = PBXBuildFile; fileRef = 613BFD142181EF3700DE6C02 /* TableViewCell.xib */; };
		613BFD192182064100DE6C02 /* Constants.swift in Sources */ = {isa = PBXBuildFile; fileRef = 613BFD182182064100DE6C02 /* Constants.swift */; };
		613BFD1B218206DA00DE6C02 /* NumberTableViewController.swift in Sources */ = {isa = PBXBuildFile; fileRef = 613BFD1A218206DA00DE6C02 /* NumberTableViewController.swift */; };
		613BFD1D218206F200DE6C02 /* FamilyTableViewController.swift in Sources */ = {isa = PBXBuildFile; fileRef = 613BFD1C218206F200DE6C02 /* FamilyTableViewController.swift */; };
		613BFD1F2182070500DE6C02 /* ColorTableViewController.swift in Sources */ = {isa = PBXBuildFile; fileRef = 613BFD1E2182070500DE6C02 /* ColorTableViewController.swift */; };
		613BFD212182071A00DE6C02 /* PhrasesTableViewController.swift in Sources */ = {isa = PBXBuildFile; fileRef = 613BFD202182071A00DE6C02 /* PhrasesTableViewController.swift */; };
		613BFD302182087800DE6C02 /* DataModels.swift in Sources */ = {isa = PBXBuildFile; fileRef = 613BFD2F2182087800DE6C02 /* DataModels.swift */; };
		613BFD36218209DF00DE6C02 /* numbers.json in Resources */ = {isa = PBXBuildFile; fileRef = 613BFD31218209DD00DE6C02 /* numbers.json */; };
		613BFD37218209DF00DE6C02 /* colors.json in Resources */ = {isa = PBXBuildFile; fileRef = 613BFD32218209DD00DE6C02 /* colors.json */; };
		613BFD38218209DF00DE6C02 /* data.json in Resources */ = {isa = PBXBuildFile; fileRef = 613BFD33218209DE00DE6C02 /* data.json */; };
		613BFD39218209DF00DE6C02 /* family.json in Resources */ = {isa = PBXBuildFile; fileRef = 613BFD34218209DE00DE6C02 /* family.json */; };
		613BFD3A218209DF00DE6C02 /* phrases.json in Resources */ = {isa = PBXBuildFile; fileRef = 613BFD35218209DE00DE6C02 /* phrases.json */; };
/* End PBXBuildFile section */

/* Begin PBXFileReference section */
		613BFCFC2181D18300DE6C02 /* EnglishApp.app */ = {isa = PBXFileReference; explicitFileType = wrapper.application; includeInIndex = 0; path = EnglishApp.app; sourceTree = BUILT_PRODUCTS_DIR; };
		613BFCFF2181D18300DE6C02 /* AppDelegate.swift */ = {isa = PBXFileReference; lastKnownFileType = sourcecode.swift; path = AppDelegate.swift; sourceTree = "<group>"; };
		613BFD042181D18300DE6C02 /* Base */ = {isa = PBXFileReference; lastKnownFileType = file.storyboard; name = Base; path = Base.lproj/Main.storyboard; sourceTree = "<group>"; };
		613BFD062181D18700DE6C02 /* Assets.xcassets */ = {isa = PBXFileReference; lastKnownFileType = folder.assetcatalog; path = Assets.xcassets; sourceTree = "<group>"; };
		613BFD092181D18700DE6C02 /* Base */ = {isa = PBXFileReference; lastKnownFileType = file.storyboard; name = Base; path = Base.lproj/LaunchScreen.storyboard; sourceTree = "<group>"; };
		613BFD0B2181D18700DE6C02 /* Info.plist */ = {isa = PBXFileReference; lastKnownFileType = text.plist.xml; path = Info.plist; sourceTree = "<group>"; };
		613BFD132181EF3700DE6C02 /* TableViewCell.swift */ = {isa = PBXFileReference; lastKnownFileType = sourcecode.swift; path = TableViewCell.swift; sourceTree = "<group>"; };
		613BFD142181EF3700DE6C02 /* TableViewCell.xib */ = {isa = PBXFileReference; lastKnownFileType = file.xib; path = TableViewCell.xib; sourceTree = "<group>"; };
		613BFD182182064100DE6C02 /* Constants.swift */ = {isa = PBXFileReference; lastKnownFileType = sourcecode.swift; path = Constants.swift; sourceTree = "<group>"; };
		613BFD1A218206DA00DE6C02 /* NumberTableViewController.swift */ = {isa = PBXFileReference; lastKnownFileType = sourcecode.swift; path = NumberTableViewController.swift; sourceTree = "<group>"; };
		613BFD1C218206F200DE6C02 /* FamilyTableViewController.swift */ = {isa = PBXFileReference; lastKnownFileType = sourcecode.swift; path = FamilyTableViewController.swift; sourceTree = "<group>"; };
		613BFD1E2182070500DE6C02 /* ColorTableViewController.swift */ = {isa = PBXFileReference; lastKnownFileType = sourcecode.swift; path = ColorTableViewController.swift; sourceTree = "<group>"; };
		613BFD202182071A00DE6C02 /* PhrasesTableViewController.swift */ = {isa = PBXFileReference; lastKnownFileType = sourcecode.swift; path = PhrasesTableViewController.swift; sourceTree = "<group>"; };
		613BFD2F2182087800DE6C02 /* DataModels.swift */ = {isa = PBXFileReference; lastKnownFileType = sourcecode.swift; path = DataModels.swift; sourceTree = "<group>"; };
		613BFD31218209DD00DE6C02 /* numbers.json */ = {isa = PBXFileReference; fileEncoding = 4; lastKnownFileType = text.json; path = numbers.json; sourceTree = "<group>"; };
		613BFD32218209DD00DE6C02 /* colors.json */ = {isa = PBXFileReference; fileEncoding = 4; lastKnownFileType = text.json; path = colors.json; sourceTree = "<group>"; };
		613BFD33218209DE00DE6C02 /* data.json */ = {isa = PBXFileReference; fileEncoding = 4; lastKnownFileType = text.json; path = data.json; sourceTree = "<group>"; };
		613BFD34218209DE00DE6C02 /* family.json */ = {isa = PBXFileReference; fileEncoding = 4; lastKnownFileType = text.json; path = family.json; sourceTree = "<group>"; };
		613BFD35218209DE00DE6C02 /* phrases.json */ = {isa = PBXFileReference; fileEncoding = 4; lastKnownFileType = text.json; path = phrases.json; sourceTree = "<group>"; };
/* End PBXFileReference section */

/* Begin PBXFrameworksBuildPhase section */
		613BFCF92181D18300DE6C02 /* Frameworks */ = {
			isa = PBXFrameworksBuildPhase;
			buildActionMask = 2147483647;
			files = (
			);
			runOnlyForDeploymentPostprocessing = 0;
		};
/* End PBXFrameworksBuildPhase section */

/* Begin PBXGroup section */
		613BFCF32181D18300DE6C02 = {
			isa = PBXGroup;
			children = (
				613BFCFE2181D18300DE6C02 /* EnglishApp */,
				613BFCFD2181D18300DE6C02 /* Products */,
			);
			sourceTree = "<group>";
		};
		613BFCFD2181D18300DE6C02 /* Products */ = {
			isa = PBXGroup;
			children = (
				613BFCFC2181D18300DE6C02 /* EnglishApp.app */,
			);
			name = Products;
			sourceTree = "<group>";
		};
		613BFCFE2181D18300DE6C02 /* EnglishApp */ = {
			isa = PBXGroup;
			children = (
				613BFD222182073300DE6C02 /* assets */,
				613BFD17218205F900DE6C02 /* Uitilities */,
				613BFD112181D1E800DE6C02 /* App */,
				613BFD122181D25700DE6C02 /* Views */,
				613BFD2D218207B200DE6C02 /* Models */,
				613BFD032181D18300DE6C02 /* Main.storyboard */,
				613BFD0B2181D18700DE6C02 /* Info.plist */,
			);
			path = EnglishApp;
			sourceTree = "<group>";
		};
		613BFD112181D1E800DE6C02 /* App */ = {
			isa = PBXGroup;
			children = (
				613BFCFF2181D18300DE6C02 /* AppDelegate.swift */,
				613BFD062181D18700DE6C02 /* Assets.xcassets */,
				613BFD082181D18700DE6C02 /* LaunchScreen.storyboard */,
			);
			path = App;
			sourceTree = "<group>";
		};
		613BFD122181D25700DE6C02 /* Views */ = {
			isa = PBXGroup;
			children = (
				613BFD1A218206DA00DE6C02 /* NumberTableViewController.swift */,
				613BFD1C218206F200DE6C02 /* FamilyTableViewController.swift */,
				613BFD1E2182070500DE6C02 /* ColorTableViewController.swift */,
				613BFD202182071A00DE6C02 /* PhrasesTableViewController.swift */,
				613BFD132181EF3700DE6C02 /* TableViewCell.swift */,
				613BFD142181EF3700DE6C02 /* TableViewCell.xib */,
			);
			path = Views;
			sourceTree = "<group>";
		};
		613BFD17218205F900DE6C02 /* Uitilities */ = {
			isa = PBXGroup;
			children = (
				613BFD182182064100DE6C02 /* Constants.swift */,
			);
			path = Uitilities;
			sourceTree = "<group>";
		};
		613BFD222182073300DE6C02 /* assets */ = {
			isa = PBXGroup;
			children = (
				613BFD32218209DD00DE6C02 /* colors.json */,
				613BFD33218209DE00DE6C02 /* data.json */,
				613BFD34218209DE00DE6C02 /* family.json */,
				613BFD31218209DD00DE6C02 /* numbers.json */,
				613BFD35218209DE00DE6C02 /* phrases.json */,
			);
			path = assets;
			sourceTree = "<group>";
		};
		613BFD2D218207B200DE6C02 /* Models */ = {
			isa = PBXGroup;
			children = (
				613BFD2F2182087800DE6C02 /* DataModels.swift */,
			);
			path = Models;
			sourceTree = "<group>";
		};
/* End PBXGroup section */

/* Begin PBXNativeTarget section */
		613BFCFB2181D18300DE6C02 /* EnglishApp */ = {
			isa = PBXNativeTarget;
			buildConfigurationList = 613BFD0E2181D18700DE6C02 /* Build configuration list for PBXNativeTarget "EnglishApp" */;
			buildPhases = (
				613BFCF82181D18300DE6C02 /* Sources */,
				613BFCF92181D18300DE6C02 /* Frameworks */,
				613BFCFA2181D18300DE6C02 /* Resources */,
			);
			buildRules = (
			);
			dependencies = (
			);
			name = EnglishApp;
			productName = EnglishApp;
			productReference = 613BFCFC2181D18300DE6C02 /* EnglishApp.app */;
			productType = "com.apple.product-type.application";
		};
/* End PBXNativeTarget section */

/* Begin PBXProject section */
		613BFCF42181D18300DE6C02 /* Project object */ = {
			isa = PBXProject;
			attributes = {
				LastSwiftUpdateCheck = 0940;
				LastUpgradeCheck = 0940;
				ORGANIZATIONNAME = "Mostafa AbdEl Fatah";
				TargetAttributes = {
					613BFCFB2181D18300DE6C02 = {
						CreatedOnToolsVersion = 9.4.1;
					};
				};
			};
			buildConfigurationList = 613BFCF72181D18300DE6C02 /* Build configuration list for PBXProject "EnglishApp" */;
			compatibilityVersion = "Xcode 9.3";
			developmentRegion = en;
			hasScannedForEncodings = 0;
			knownRegions = (
				en,
				Base,
			);
			mainGroup = 613BFCF32181D18300DE6C02;
			productRefGroup = 613BFCFD2181D18300DE6C02 /* Products */;
			projectDirPath = "";
			projectRoot = "";
			targets = (
				613BFCFB2181D18300DE6C02 /* EnglishApp */,
			);
		};
/* End PBXProject section */

/* Begin PBXResourcesBuildPhase section */
		613BFCFA2181D18300DE6C02 /* Resources */ = {
			isa = PBXResourcesBuildPhase;
			buildActionMask = 2147483647;
			files = (
				613BFD0A2181D18700DE6C02 /* LaunchScreen.storyboard in Resources */,
				613BFD38218209DF00DE6C02 /* data.json in Resources */,
				613BFD162181EF3700DE6C02 /* TableViewCell.xib in Resources */,
				613BFD36218209DF00DE6C02 /* numbers.json in Resources */,
				613BFD37218209DF00DE6C02 /* colors.json in Resources */,
				613BFD39218209DF00DE6C02 /* family.json in Resources */,
				613BFD072181D18700DE6C02 /* Assets.xcassets in Resources */,
				613BFD052181D18300DE6C02 /* Main.storyboard in Resources */,
				613BFD3A218209DF00DE6C02 /* phrases.json in Resources */,
			);
			runOnlyForDeploymentPostprocessing = 0;
		};
/* End PBXResourcesBuildPhase section */

/* Begin PBXSourcesBuildPhase section */
		613BFCF82181D18300DE6C02 /* Sources */ = {
			isa = PBXSourcesBuildPhase;
			buildActionMask = 2147483647;
			files = (
				613BFD002181D18300DE6C02 /* AppDelegate.swift in Sources */,
				613BFD302182087800DE6C02 /* DataModels.swift in Sources */,
				613BFD1F2182070500DE6C02 /* ColorTableViewController.swift in Sources */,
				613BFD1D218206F200DE6C02 /* FamilyTableViewController.swift in Sources */,
				613BFD152181EF3700DE6C02 /* TableViewCell.swift in Sources */,
				613BFD212182071A00DE6C02 /* PhrasesTableViewController.swift in Sources */,
				613BFD1B218206DA00DE6C02 /* NumberTableViewController.swift in Sources */,
				613BFD192182064100DE6C02 /* Constants.swift in Sources */,
			);
			runOnlyForDeploymentPostprocessing = 0;
		};
/* End PBXSourcesBuildPhase section */

/* Begin PBXVariantGroup section */
		613BFD032181D18300DE6C02 /* Main.storyboard */ = {
			isa = PBXVariantGroup;
			children = (
				613BFD042181D18300DE6C02 /* Base */,
			);
			name = Main.storyboard;
			sourceTree = "<group>";
		};
		613BFD082181D18700DE6C02 /* LaunchScreen.storyboard */ = {
			isa = PBXVariantGroup;
			children = (
				613BFD092181D18700DE6C02 /* Base */,
			);
			name = LaunchScreen.storyboard;
			sourceTree = "<group>";
		};
/* End PBXVariantGroup section */

/* Begin XCBuildConfiguration section */
		613BFD0C2181D18700DE6C02 /* Debug */ = {
			isa = XCBuildConfiguration;
			buildSettings = {
				ALWAYS_SEARCH_USER_PATHS = NO;
				CLANG_ANALYZER_NONNULL = YES;
				CLANG_ANALYZER_NUMBER_OBJECT_CONVERSION = YES_AGGRESSIVE;
				CLANG_CXX_LANGUAGE_STANDARD = "gnu++14";
				CLANG_CXX_LIBRARY = "libc++";
				CLANG_ENABLE_MODULES = YES;
				CLANG_ENABLE_OBJC_ARC = YES;
				CLANG_ENABLE_OBJC_WEAK = YES;
				CLANG_WARN_BLOCK_CAPTURE_AUTORELEASING = YES;
				CLANG_WARN_BOOL_CONVERSION = YES;
				CLANG_WARN_COMMA = YES;
				CLANG_WARN_CONSTANT_CONVERSION = YES;
				CLANG_WARN_DEPRECATED_OBJC_IMPLEMENTATIONS = YES;
				CLANG_WARN_DIRECT_OBJC_ISA_USAGE = YES_ERROR;
				CLANG_WARN_DOCUMENTATION_COMMENTS = YES;
				CLANG_WARN_EMPTY_BODY = YES;
				CLANG_WARN_ENUM_CONVERSION = YES;
				CLANG_WARN_INFINITE_RECURSION = YES;
				CLANG_WARN_INT_CONVERSION = YES;
				CLANG_WARN_NON_LITERAL_NULL_CONVERSION = YES;
				CLANG_WARN_OBJC_IMPLICIT_RETAIN_SELF = YES;
				CLANG_WARN_OBJC_LITERAL_CONVERSION = YES;
				CLANG_WARN_OBJC_ROOT_CLASS = YES_ERROR;
				CLANG_WARN_RANGE_LOOP_ANALYSIS = YES;
				CLANG_WARN_STRICT_PROTOTYPES = YES;
				CLANG_WARN_SUSPICIOUS_MOVE = YES;
				CLANG_WARN_UNGUARDED_AVAILABILITY = YES_AGGRESSIVE;
				CLANG_WARN_UNREACHABLE_CODE = YES;
				CLANG_WARN__DUPLICATE_METHOD_MATCH = YES;
				CODE_SIGN_IDENTITY = "iPhone Developer";
				COPY_PHASE_STRIP = NO;
				DEBUG_INFORMATION_FORMAT = dwarf;
				ENABLE_STRICT_OBJC_MSGSEND = YES;
				ENABLE_TESTABILITY = YES;
				GCC_C_LANGUAGE_STANDARD = gnu11;
				GCC_DYNAMIC_NO_PIC = NO;
				GCC_NO_COMMON_BLOCKS = YES;
				GCC_OPTIMIZATION_LEVEL = 0;
				GCC_PREPROCESSOR_DEFINITIONS = (
					"DEBUG=1",
					"$(inherited)",
				);
				GCC_WARN_64_TO_32_BIT_CONVERSION = YES;
				GCC_WARN_ABOUT_RETURN_TYPE = YES_ERROR;
				GCC_WARN_UNDECLARED_SELECTOR = YES;
				GCC_WARN_UNINITIALIZED_AUTOS = YES_AGGRESSIVE;
				GCC_WARN_UNUSED_FUNCTION = YES;
				GCC_WARN_UNUSED_VARIABLE = YES;
				IPHONEOS_DEPLOYMENT_TARGET = 11.4;
				MTL_ENABLE_DEBUG_INFO = YES;
				ONLY_ACTIVE_ARCH = YES;
				SDKROOT = iphoneos;
				SWIFT_ACTIVE_COMPILATION_CONDITIONS = DEBUG;
				SWIFT_OPTIMIZATION_LEVEL = "-Onone";
			};
			name = Debug;
		};
		613BFD0D2181D18700DE6C02 /* Release */ = {
			isa = XCBuildConfiguration;
			buildSettings = {
				ALWAYS_SEARCH_USER_PATHS = NO;
				CLANG_ANALYZER_NONNULL = YES;
				CLANG_ANALYZER_NUMBER_OBJECT_CONVERSION = YES_AGGRESSIVE;
				CLANG_CXX_LANGUAGE_STANDARD = "gnu++14";
				CLANG_CXX_LIBRARY = "libc++";
				CLANG_ENABLE_MODULES = YES;
				CLANG_ENABLE_OBJC_ARC = YES;
				CLANG_ENABLE_OBJC_WEAK = YES;
				CLANG_WARN_BLOCK_CAPTURE_AUTORELEASING = YES;
				CLANG_WARN_BOOL_CONVERSION = YES;
				CLANG_WARN_COMMA = YES;
				CLANG_WARN_CONSTANT_CONVERSION = YES;
				CLANG_WARN_DEPRECATED_OBJC_IMPLEMENTATIONS = YES;
				CLANG_WARN_DIRECT_OBJC_ISA_USAGE = YES_ERROR;
				CLANG_WARN_DOCUMENTATION_COMMENTS = YES;
				CLANG_WARN_EMPTY_BODY = YES;
				CLANG_WARN_ENUM_CONVERSION = YES;
				CLANG_WARN_INFINITE_RECURSION = YES;
				CLANG_WARN_INT_CONVERSION = YES;
				CLANG_WARN_NON_LITERAL_NULL_CONVERSION = YES;
				CLANG_WARN_OBJC_IMPLICIT_RETAIN_SELF = YES;
				CLANG_WARN_OBJC_LITERAL_CONVERSION = YES;
				CLANG_WARN_OBJC_ROOT_CLASS = YES_ERROR;
				CLANG_WARN_RANGE_LOOP_ANALYSIS = YES;
				CLANG_WARN_STRICT_PROTOTYPES = YES;
				CLANG_WARN_SUSPICIOUS_MOVE = YES;
				CLANG_WARN_UNGUARDED_AVAILABILITY = YES_AGGRESSIVE;
				CLANG_WARN_UNREACHABLE_CODE = YES;
				CLANG_WARN__DUPLICATE_METHOD_MATCH = YES;
				CODE_SIGN_IDENTITY = "iPhone Developer";
				COPY_PHASE_STRIP = NO;
				DEBUG_INFORMATION_FORMAT = "dwarf-with-dsym";
				ENABLE_NS_ASSERTIONS = NO;
				ENABLE_STRICT_OBJC_MSGSEND = YES;
				GCC_C_LANGUAGE_STANDARD = gnu11;
				GCC_NO_COMMON_BLOCKS = YES;
				GCC_WARN_64_TO_32_BIT_CONVERSION = YES;
				GCC_WARN_ABOUT_RETURN_TYPE = YES_ERROR;
				GCC_WARN_UNDECLARED_SELECTOR = YES;
				GCC_WARN_UNINITIALIZED_AUTOS = YES_AGGRESSIVE;
				GCC_WARN_UNUSED_FUNCTION = YES;
				GCC_WARN_UNUSED_VARIABLE = YES;
				IPHONEOS_DEPLOYMENT_TARGET = 11.4;
				MTL_ENABLE_DEBUG_INFO = NO;
				SDKROOT = iphoneos;
				SWIFT_COMPILATION_MODE = wholemodule;
				SWIFT_OPTIMIZATION_LEVEL = "-O";
				VALIDATE_PRODUCT = YES;
			};
			name = Release;
		};
		613BFD0F2181D18700DE6C02 /* Debug */ = {
			isa = XCBuildConfiguration;
			buildSettings = {
				ASSETCATALOG_COMPILER_APPICON_NAME = AppIcon;
				CODE_SIGN_STYLE = Automatic;
				INFOPLIST_FILE = EnglishApp/Info.plist;
				LD_RUNPATH_SEARCH_PATHS = (
					"$(inherited)",
					"@executable_path/Frameworks",
				);
				PRODUCT_BUNDLE_IDENTIFIER = com.mostafa.fci.test.EnglishApp;
				PRODUCT_NAME = "$(TARGET_NAME)";
				SWIFT_VERSION = 4.0;
				TARGETED_DEVICE_FAMILY = "1,2";
			};
			name = Debug;
		};
		613BFD102181D18700DE6C02 /* Release */ = {
			isa = XCBuildConfiguration;
			buildSettings = {
				ASSETCATALOG_COMPILER_APPICON_NAME = AppIcon;
				CODE_SIGN_STYLE = Automatic;
				INFOPLIST_FILE = EnglishApp/Info.plist;
				LD_RUNPATH_SEARCH_PATHS = (
					"$(inherited)",
					"@executable_path/Frameworks",
				);
				PRODUCT_BUNDLE_IDENTIFIER = com.mostafa.fci.test.EnglishApp;
				PRODUCT_NAME = "$(TARGET_NAME)";
				SWIFT_VERSION = 4.0;
				TARGETED_DEVICE_FAMILY = "1,2";
			};
			name = Release;
		};
/* End XCBuildConfiguration section */

/* Begin XCConfigurationList section */
		613BFCF72181D18300DE6C02 /* Build configuration list for PBXProject "EnglishApp" */ = {
			isa = XCConfigurationList;
			buildConfigurations = (
				613BFD0C2181D18700DE6C02 /* Debug */,
				613BFD0D2181D18700DE6C02 /* Release */,
			);
			defaultConfigurationIsVisible = 0;
			defaultConfigurationName = Release;
		};
		613BFD0E2181D18700DE6C02 /* Build configuration list for PBXNativeTarget "EnglishApp" */ = {
			isa = XCConfigurationList;
			buildConfigurations = (
				613BFD0F2181D18700DE6C02 /* Debug */,
				613BFD102181D18700DE6C02 /* Release */,
			);
			defaultConfigurationIsVisible = 0;
			defaultConfigurationName = Release;
		};
/* End XCConfigurationList section */
	};
	rootObject = 613BFCF42181D18300DE6C02 /* Project object */;
}
